
Microsoft Visual Studio Solution File, Format Version 12.00
# Visual Studio 14
VisualStudioVersion = 14.0.23107.0
MinimumVisualStudioVersion = 10.0.40219.1
Project("{FAE04EC0-301F-11D3-BF4B-00C04F79EFBC}") = "DiveLibrary", "DivLibrary\DiveLibrary.csproj", "{FD8777A5-7531-43CD-8B2C-A92C147CD753}"
EndProject
Project("{FAE04EC0-301F-11D3-BF4B-00C04F79EFBC}") = "DiveLibraryTests", "DiveLibraryTests\DiveLibraryTests.csproj", "{32C33A63-7173-49AE-A9FC-3F2ACE1F34F1}"
EndProject
Global
	GlobalSection(SolutionConfigurationPlatforms) = preSolution
		Debug|Any CPU = Debug|Any CPU
		Release|Any CPU = Release|Any CPU
	EndGlobalSection
	GlobalSection(ProjectConfigurationPlatforms) = postSolution
		{FD8777A5-7531-43CD-8B2C-A92C147CD753}.Debug|Any CPU.ActiveCfg = Debug|Any CPU
		{FD8777A5-7531-43CD-8B2C-A92C147CD753}.Debug|Any CPU.Build.0 = Debug|Any CPU
		{FD8777A5-7531-43CD-8B2C-A92C147CD753}.Release|Any CPU.ActiveCfg = Release|Any CPU
		{FD8777A5-7531-43CD-8B2C-A92C147CD753}.Release|Any CPU.Build.0 = Release|Any CPU
		{32C33A63-7173-49AE-A9FC-3F2ACE1F34F1}.Debug|Any CPU.ActiveCfg = Debug|Any CPU
		{32C33A63-7173-49AE-A9FC-3F2ACE1F34F1}.Debug|Any CPU.Build.0 = Debug|Any CPU
		{32C33A63-7173-49AE-A9FC-3F2ACE1F34F1}.Release|Any CPU.ActiveCfg = Release|Any CPU
		{32C33A63-7173-49AE-A9FC-3F2ACE1F34F1}.Release|Any CPU.Build.0 = Release|Any CPU
	EndGlobalSection
	GlobalSection(SolutionProperties) = preSolution
		HideSolutionNode = FALSE
	EndGlobalSection
EndGlobal
